
Microsoft Visual Studio Solution File, Format Version 12.00
# Visual Studio Version 17
VisualStudioVersion = 17.9.34701.34
MinimumVisualStudioVersion = 10.0.40219.1
Project("{FAE04EC0-301F-11D3-BF4B-00C04F79EFBC}") = "concurrentProgramming", "concurrentProgramming\concurrentProgramming.csproj", "{4DE298F3-7E09-453F-AF3B-5F48DCAFB8CE}"
EndProject
Project("{FAE04EC0-301F-11D3-BF4B-00C04F79EFBC}") = "tests", "tests\tests.csproj", "{FA1F214A-E8B8-41BF-8277-D77780472747}"
EndProject
Global
	GlobalSection(SolutionConfigurationPlatforms) = preSolution
		Debug|Any CPU = Debug|Any CPU
		Release|Any CPU = Release|Any CPU
	EndGlobalSection
	GlobalSection(ProjectConfigurationPlatforms) = postSolution
		{4DE298F3-7E09-453F-AF3B-5F48DCAFB8CE}.Debug|Any CPU.ActiveCfg = Debug|Any CPU
		{4DE298F3-7E09-453F-AF3B-5F48DCAFB8CE}.Debug|Any CPU.Build.0 = Debug|Any CPU
		{4DE298F3-7E09-453F-AF3B-5F48DCAFB8CE}.Release|Any CPU.ActiveCfg = Release|Any CPU
		{4DE298F3-7E09-453F-AF3B-5F48DCAFB8CE}.Release|Any CPU.Build.0 = Release|Any CPU
		{FA1F214A-E8B8-41BF-8277-D77780472747}.Debug|Any CPU.ActiveCfg = Debug|Any CPU
		{FA1F214A-E8B8-41BF-8277-D77780472747}.Debug|Any CPU.Build.0 = Debug|Any CPU
		{FA1F214A-E8B8-41BF-8277-D77780472747}.Release|Any CPU.ActiveCfg = Release|Any CPU
		{FA1F214A-E8B8-41BF-8277-D77780472747}.Release|Any CPU.Build.0 = Release|Any CPU
	EndGlobalSection
	GlobalSection(SolutionProperties) = preSolution
		HideSolutionNode = FALSE
	EndGlobalSection
	GlobalSection(ExtensibilityGlobals) = postSolution
		SolutionGuid = {8223AC2E-0E57-4639-A531-56ACADBA103A}
	EndGlobalSection
EndGlobal
