
Microsoft Visual Studio Solution File, Format Version 12.00
# Visual Studio Version 17
VisualStudioVersion = 17.9.34701.34
MinimumVisualStudioVersion = 10.0.40219.1
Project("{9A19103F-16F7-4668-BE54-9A1E7A4F7556}") = "Data", "concurrentProgramming\Data.csproj", "{4DE298F3-7E09-453F-AF3B-5F48DCAFB8CE}"
EndProject
Project("{9A19103F-16F7-4668-BE54-9A1E7A4F7556}") = "DataTest", "DataTest\DataTest.csproj", "{FA1F214A-E8B8-41BF-8277-D77780472747}"
EndProject
Project("{FAE04EC0-301F-11D3-BF4B-00C04F79EFBC}") = "Logic", "Logic\Logic.csproj", "{B4B4A4FE-3C1D-41B8-9D0C-F67647C1BB03}"
EndProject
Project("{FAE04EC0-301F-11D3-BF4B-00C04F79EFBC}") = "LogicTest", "LogicTest\LogicTest.csproj", "{522D8EB9-67E3-4987-A464-4A2E260A8E29}"
EndProject
Project("{FAE04EC0-301F-11D3-BF4B-00C04F79EFBC}") = "Model", "Model\Model.csproj", "{6CF550F2-8F60-4BAE-8406-5216DF03400D}"
EndProject
Project("{FAE04EC0-301F-11D3-BF4B-00C04F79EFBC}") = "ViewModel", "ViewModel\ViewModel.csproj", "{67603C9C-07F9-46CE-9FAC-1DBE793570E9}"
EndProject
Project("{FAE04EC0-301F-11D3-BF4B-00C04F79EFBC}") = "View", "View\View.csproj", "{9787D659-7B7F-4A5E-BAB5-89A9C79FC9FB}"
EndProject
Global
	GlobalSection(SolutionConfigurationPlatforms) = preSolution
		Debug|Any CPU = Debug|Any CPU
		Release|Any CPU = Release|Any CPU
	EndGlobalSection
	GlobalSection(ProjectConfigurationPlatforms) = postSolution
		{4DE298F3-7E09-453F-AF3B-5F48DCAFB8CE}.Debug|Any CPU.ActiveCfg = Debug|Any CPU
		{4DE298F3-7E09-453F-AF3B-5F48DCAFB8CE}.Debug|Any CPU.Build.0 = Debug|Any CPU
		{4DE298F3-7E09-453F-AF3B-5F48DCAFB8CE}.Release|Any CPU.ActiveCfg = Release|Any CPU
		{4DE298F3-7E09-453F-AF3B-5F48DCAFB8CE}.Release|Any CPU.Build.0 = Release|Any CPU
		{FA1F214A-E8B8-41BF-8277-D77780472747}.Debug|Any CPU.ActiveCfg = Debug|Any CPU
		{FA1F214A-E8B8-41BF-8277-D77780472747}.Debug|Any CPU.Build.0 = Debug|Any CPU
		{FA1F214A-E8B8-41BF-8277-D77780472747}.Release|Any CPU.ActiveCfg = Release|Any CPU
		{FA1F214A-E8B8-41BF-8277-D77780472747}.Release|Any CPU.Build.0 = Release|Any CPU
		{B4B4A4FE-3C1D-41B8-9D0C-F67647C1BB03}.Debug|Any CPU.ActiveCfg = Debug|Any CPU
		{B4B4A4FE-3C1D-41B8-9D0C-F67647C1BB03}.Debug|Any CPU.Build.0 = Debug|Any CPU
		{B4B4A4FE-3C1D-41B8-9D0C-F67647C1BB03}.Release|Any CPU.ActiveCfg = Release|Any CPU
		{B4B4A4FE-3C1D-41B8-9D0C-F67647C1BB03}.Release|Any CPU.Build.0 = Release|Any CPU
		{522D8EB9-67E3-4987-A464-4A2E260A8E29}.Debug|Any CPU.ActiveCfg = Debug|Any CPU
		{522D8EB9-67E3-4987-A464-4A2E260A8E29}.Debug|Any CPU.Build.0 = Debug|Any CPU
		{522D8EB9-67E3-4987-A464-4A2E260A8E29}.Release|Any CPU.ActiveCfg = Release|Any CPU
		{522D8EB9-67E3-4987-A464-4A2E260A8E29}.Release|Any CPU.Build.0 = Release|Any CPU
		{6CF550F2-8F60-4BAE-8406-5216DF03400D}.Debug|Any CPU.ActiveCfg = Debug|Any CPU
		{6CF550F2-8F60-4BAE-8406-5216DF03400D}.Debug|Any CPU.Build.0 = Debug|Any CPU
		{6CF550F2-8F60-4BAE-8406-5216DF03400D}.Release|Any CPU.ActiveCfg = Release|Any CPU
		{6CF550F2-8F60-4BAE-8406-5216DF03400D}.Release|Any CPU.Build.0 = Release|Any CPU
		{67603C9C-07F9-46CE-9FAC-1DBE793570E9}.Debug|Any CPU.ActiveCfg = Debug|Any CPU
		{67603C9C-07F9-46CE-9FAC-1DBE793570E9}.Debug|Any CPU.Build.0 = Debug|Any CPU
		{67603C9C-07F9-46CE-9FAC-1DBE793570E9}.Release|Any CPU.ActiveCfg = Release|Any CPU
		{67603C9C-07F9-46CE-9FAC-1DBE793570E9}.Release|Any CPU.Build.0 = Release|Any CPU
		{9787D659-7B7F-4A5E-BAB5-89A9C79FC9FB}.Debug|Any CPU.ActiveCfg = Debug|Any CPU
		{9787D659-7B7F-4A5E-BAB5-89A9C79FC9FB}.Debug|Any CPU.Build.0 = Debug|Any CPU
		{9787D659-7B7F-4A5E-BAB5-89A9C79FC9FB}.Release|Any CPU.ActiveCfg = Release|Any CPU
		{9787D659-7B7F-4A5E-BAB5-89A9C79FC9FB}.Release|Any CPU.Build.0 = Release|Any CPU
	EndGlobalSection
	GlobalSection(SolutionProperties) = preSolution
		HideSolutionNode = FALSE
	EndGlobalSection
	GlobalSection(ExtensibilityGlobals) = postSolution
		SolutionGuid = {8223AC2E-0E57-4639-A531-56ACADBA103A}
	EndGlobalSection
EndGlobal
